
Microsoft Visual Studio Solution File, Format Version 12.00
# Visual Studio Version 17
VisualStudioVersion = 17.5.002.0
MinimumVisualStudioVersion = 10.0.40219.1
Project("{9A19103F-16F7-4668-BE54-9A1E7A4F7556}") = "PartTwo", "PartTwo.csproj", "{115EDC2E-D4D2-493F-9C40-E329C6ACBD5A}"
EndProject
Global
	GlobalSection(SolutionConfigurationPlatforms) = preSolution
		Debug|Any CPU = Debug|Any CPU
		Release|Any CPU = Release|Any CPU
	EndGlobalSection
	GlobalSection(ProjectConfigurationPlatforms) = postSolution
		{115EDC2E-D4D2-493F-9C40-E329C6ACBD5A}.Debug|Any CPU.ActiveCfg = Debug|Any CPU
		{115EDC2E-D4D2-493F-9C40-E329C6ACBD5A}.Debug|Any CPU.Build.0 = Debug|Any CPU
		{115EDC2E-D4D2-493F-9C40-E329C6ACBD5A}.Release|Any CPU.ActiveCfg = Release|Any CPU
		{115EDC2E-D4D2-493F-9C40-E329C6ACBD5A}.Release|Any CPU.Build.0 = Release|Any CPU
	EndGlobalSection
	GlobalSection(SolutionProperties) = preSolution
		HideSolutionNode = FALSE
	EndGlobalSection
	GlobalSection(ExtensibilityGlobals) = postSolution
		SolutionGuid = {E0776AFD-22EE-497A-851C-62AC2BE4C722}
	EndGlobalSection
EndGlobal
