
Microsoft Visual Studio Solution File, Format Version 12.00
# Visual Studio Version 17
VisualStudioVersion = 17.5.002.0
MinimumVisualStudioVersion = 10.0.40219.1
Project("{9A19103F-16F7-4668-BE54-9A1E7A4F7556}") = "PartOne", "PartOne.csproj", "{0C5091AB-211F-4A7B-9A45-DC01D5A1658C}"
EndProject
Global
	GlobalSection(SolutionConfigurationPlatforms) = preSolution
		Debug|Any CPU = Debug|Any CPU
		Release|Any CPU = Release|Any CPU
	EndGlobalSection
	GlobalSection(ProjectConfigurationPlatforms) = postSolution
		{0C5091AB-211F-4A7B-9A45-DC01D5A1658C}.Debug|Any CPU.ActiveCfg = Debug|Any CPU
		{0C5091AB-211F-4A7B-9A45-DC01D5A1658C}.Debug|Any CPU.Build.0 = Debug|Any CPU
		{0C5091AB-211F-4A7B-9A45-DC01D5A1658C}.Release|Any CPU.ActiveCfg = Release|Any CPU
		{0C5091AB-211F-4A7B-9A45-DC01D5A1658C}.Release|Any CPU.Build.0 = Release|Any CPU
	EndGlobalSection
	GlobalSection(SolutionProperties) = preSolution
		HideSolutionNode = FALSE
	EndGlobalSection
	GlobalSection(ExtensibilityGlobals) = postSolution
		SolutionGuid = {5FF89860-5684-4285-80B6-3BF29ECD992E}
	EndGlobalSection
EndGlobal
