
Microsoft Visual Studio Solution File, Format Version 12.00
# Visual Studio Version 17
VisualStudioVersion = 17.5.002.0
MinimumVisualStudioVersion = 10.0.40219.1
Project("{9A19103F-16F7-4668-BE54-9A1E7A4F7556}") = "PartOne", "PartOne.csproj", "{E65CC955-D494-49D2-81E0-C43E06C2813A}"
EndProject
Global
	GlobalSection(SolutionConfigurationPlatforms) = preSolution
		Debug|Any CPU = Debug|Any CPU
		Release|Any CPU = Release|Any CPU
	EndGlobalSection
	GlobalSection(ProjectConfigurationPlatforms) = postSolution
		{E65CC955-D494-49D2-81E0-C43E06C2813A}.Debug|Any CPU.ActiveCfg = Debug|Any CPU
		{E65CC955-D494-49D2-81E0-C43E06C2813A}.Debug|Any CPU.Build.0 = Debug|Any CPU
		{E65CC955-D494-49D2-81E0-C43E06C2813A}.Release|Any CPU.ActiveCfg = Release|Any CPU
		{E65CC955-D494-49D2-81E0-C43E06C2813A}.Release|Any CPU.Build.0 = Release|Any CPU
	EndGlobalSection
	GlobalSection(SolutionProperties) = preSolution
		HideSolutionNode = FALSE
	EndGlobalSection
	GlobalSection(ExtensibilityGlobals) = postSolution
		SolutionGuid = {DFA68AA8-0CF0-4FE4-877E-665D78027E9E}
	EndGlobalSection
EndGlobal
